// !$*UTF8*$!
{
	archiveVersion = 1;
	classes = {
	};
	objectVersion = 46;
	objects = {

/* Begin PBXBuildFile section */
		394046796C7CD64C82C6224E /* libPods-UIWebView.a in Frameworks */ = {isa = PBXBuildFile; fileRef = 65CD0D9C3C6B2DCAB6AE0C29 /* libPods-UIWebView.a */; };
		A212743B1D641288000ECA41 /* main.m in Sources */ = {isa = PBXBuildFile; fileRef = A212743A1D641288000ECA41 /* main.m */; };
		A212743E1D641288000ECA41 /* AppDelegate.m in Sources */ = {isa = PBXBuildFile; fileRef = A212743D1D641288000ECA41 /* AppDelegate.m */; };
		A21274461D641288000ECA41 /* Assets.xcassets in Resources */ = {isa = PBXBuildFile; fileRef = A21274451D641288000ECA41 /* Assets.xcassets */; };
		A21274491D641288000ECA41 /* LaunchScreen.storyboard in Resources */ = {isa = PBXBuildFile; fileRef = A21274471D641288000ECA41 /* LaunchScreen.storyboard */; };
		A21274521D6415F4000ECA41 /* RootViewController.m in Sources */ = {isa = PBXBuildFile; fileRef = A21274511D6415F4000ECA41 /* RootViewController.m */; };
		A2F2AFE11D643E6C0002FC2B /* H5TopBarInfo.m in Sources */ = {isa = PBXBuildFile; fileRef = A2F2AFDC1D643E6C0002FC2B /* H5TopBarInfo.m */; };
		A2F2AFE21D643E6C0002FC2B /* H5TopBarView.m in Sources */ = {isa = PBXBuildFile; fileRef = A2F2AFDE1D643E6C0002FC2B /* H5TopBarView.m */; };
		A2F2AFE31D643E6C0002FC2B /* H5WebViewController.m in Sources */ = {isa = PBXBuildFile; fileRef = A2F2AFE01D643E6C0002FC2B /* H5WebViewController.m */; };
/* End PBXBuildFile section */

/* Begin PBXFileReference section */
		23A60A0BF10E4E8C25C5D99A /* Pods-UIWebView.debug.xcconfig */ = {isa = PBXFileReference; includeInIndex = 1; lastKnownFileType = text.xcconfig; name = "Pods-UIWebView.debug.xcconfig"; path = "Pods/Target Support Files/Pods-UIWebView/Pods-UIWebView.debug.xcconfig"; sourceTree = "<group>"; };
		65CD0D9C3C6B2DCAB6AE0C29 /* libPods-UIWebView.a */ = {isa = PBXFileReference; explicitFileType = archive.ar; includeInIndex = 0; path = "libPods-UIWebView.a"; sourceTree = BUILT_PRODUCTS_DIR; };
		A21274361D641288000ECA41 /* UIWebView.app */ = {isa = PBXFileReference; explicitFileType = wrapper.application; includeInIndex = 0; path = UIWebView.app; sourceTree = BUILT_PRODUCTS_DIR; };
		A212743A1D641288000ECA41 /* main.m */ = {isa = PBXFileReference; lastKnownFileType = sourcecode.c.objc; path = main.m; sourceTree = "<group>"; };
		A212743C1D641288000ECA41 /* AppDelegate.h */ = {isa = PBXFileReference; lastKnownFileType = sourcecode.c.h; path = AppDelegate.h; sourceTree = "<group>"; };
		A212743D1D641288000ECA41 /* AppDelegate.m */ = {isa = PBXFileReference; lastKnownFileType = sourcecode.c.objc; path = AppDelegate.m; sourceTree = "<group>"; };
		A21274451D641288000ECA41 /* Assets.xcassets */ = {isa = PBXFileReference; lastKnownFileType = folder.assetcatalog; path = Assets.xcassets; sourceTree = "<group>"; };
		A21274481D641288000ECA41 /* Base */ = {isa = PBXFileReference; lastKnownFileType = file.storyboard; name = Base; path = Base.lproj/LaunchScreen.storyboard; sourceTree = "<group>"; };
		A212744A1D641288000ECA41 /* Info.plist */ = {isa = PBXFileReference; lastKnownFileType = text.plist.xml; path = Info.plist; sourceTree = "<group>"; };
		A21274501D6415F4000ECA41 /* RootViewController.h */ = {isa = PBXFileReference; fileEncoding = 4; lastKnownFileType = sourcecode.c.h; path = RootViewController.h; sourceTree = "<group>"; };
		A21274511D6415F4000ECA41 /* RootViewController.m */ = {isa = PBXFileReference; fileEncoding = 4; lastKnownFileType = sourcecode.c.objc; path = RootViewController.m; sourceTree = "<group>"; };
		A2F2AFDB1D643E6C0002FC2B /* H5TopBarInfo.h */ = {isa = PBXFileReference; fileEncoding = 4; lastKnownFileType = sourcecode.c.h; path = H5TopBarInfo.h; sourceTree = "<group>"; };
		A2F2AFDC1D643E6C0002FC2B /* H5TopBarInfo.m */ = {isa = PBXFileReference; fileEncoding = 4; lastKnownFileType = sourcecode.c.objc; path = H5TopBarInfo.m; sourceTree = "<group>"; };
		A2F2AFDD1D643E6C0002FC2B /* H5TopBarView.h */ = {isa = PBXFileReference; fileEncoding = 4; lastKnownFileType = sourcecode.c.h; path = H5TopBarView.h; sourceTree = "<group>"; };
		A2F2AFDE1D643E6C0002FC2B /* H5TopBarView.m */ = {isa = PBXFileReference; fileEncoding = 4; lastKnownFileType = sourcecode.c.objc; path = H5TopBarView.m; sourceTree = "<group>"; };
		A2F2AFDF1D643E6C0002FC2B /* H5WebViewController.h */ = {isa = PBXFileReference; fileEncoding = 4; lastKnownFileType = sourcecode.c.h; path = H5WebViewController.h; sourceTree = "<group>"; };
		A2F2AFE01D643E6C0002FC2B /* H5WebViewController.m */ = {isa = PBXFileReference; fileEncoding = 4; lastKnownFileType = sourcecode.c.objc; path = H5WebViewController.m; sourceTree = "<group>"; };
		FCA3D5058CB7672C4EB961FB /* Pods-UIWebView.release.xcconfig */ = {isa = PBXFileReference; includeInIndex = 1; lastKnownFileType = text.xcconfig; name = "Pods-UIWebView.release.xcconfig"; path = "Pods/Target Support Files/Pods-UIWebView/Pods-UIWebView.release.xcconfig"; sourceTree = "<group>"; };
/* End PBXFileReference section */

/* Begin PBXFrameworksBuildPhase section */
		A21274331D641288000ECA41 /* Frameworks */ = {
			isa = PBXFrameworksBuildPhase;
			buildActionMask = 2147483647;
			files = (
				394046796C7CD64C82C6224E /* libPods-UIWebView.a in Frameworks */,
			);
			runOnlyForDeploymentPostprocessing = 0;
		};
/* End PBXFrameworksBuildPhase section */

/* Begin PBXGroup section */
		6E1C8EA2FBD60125AE0EBC9C /* Frameworks */ = {
			isa = PBXGroup;
			children = (
				65CD0D9C3C6B2DCAB6AE0C29 /* libPods-UIWebView.a */,
			);
			name = Frameworks;
			sourceTree = "<group>";
		};
		A212742D1D641288000ECA41 = {
			isa = PBXGroup;
			children = (
				A21274381D641288000ECA41 /* UIWebView */,
				A21274371D641288000ECA41 /* Products */,
				B0F11D8ED9A50583C1DA947A /* Pods */,
				6E1C8EA2FBD60125AE0EBC9C /* Frameworks */,
			);
			sourceTree = "<group>";
		};
		A21274371D641288000ECA41 /* Products */ = {
			isa = PBXGroup;
			children = (
				A21274361D641288000ECA41 /* UIWebView.app */,
			);
			name = Products;
			sourceTree = "<group>";
		};
		A21274381D641288000ECA41 /* UIWebView */ = {
			isa = PBXGroup;
			children = (
				A212743C1D641288000ECA41 /* AppDelegate.h */,
				A212743D1D641288000ECA41 /* AppDelegate.m */,
				A21274501D6415F4000ECA41 /* RootViewController.h */,
				A21274511D6415F4000ECA41 /* RootViewController.m */,
				A2F2AFDA1D643E330002FC2B /* H5 */,
				A21274391D641288000ECA41 /* Supporting Files */,
			);
			path = UIWebView;
			sourceTree = "<group>";
		};
		A21274391D641288000ECA41 /* Supporting Files */ = {
			isa = PBXGroup;
			children = (
				A21274451D641288000ECA41 /* Assets.xcassets */,
				A21274471D641288000ECA41 /* LaunchScreen.storyboard */,
				A212744A1D641288000ECA41 /* Info.plist */,
				A212743A1D641288000ECA41 /* main.m */,
			);
			name = "Supporting Files";
			sourceTree = "<group>";
		};
		A2F2AFDA1D643E330002FC2B /* H5 */ = {
			isa = PBXGroup;
			children = (
				A2F2AFDB1D643E6C0002FC2B /* H5TopBarInfo.h */,
				A2F2AFDC1D643E6C0002FC2B /* H5TopBarInfo.m */,
				A2F2AFDD1D643E6C0002FC2B /* H5TopBarView.h */,
				A2F2AFDE1D643E6C0002FC2B /* H5TopBarView.m */,
				A2F2AFDF1D643E6C0002FC2B /* H5WebViewController.h */,
				A2F2AFE01D643E6C0002FC2B /* H5WebViewController.m */,
			);
			path = H5;
			sourceTree = "<group>";
		};
		B0F11D8ED9A50583C1DA947A /* Pods */ = {
			isa = PBXGroup;
			children = (
				23A60A0BF10E4E8C25C5D99A /* Pods-UIWebView.debug.xcconfig */,
				FCA3D5058CB7672C4EB961FB /* Pods-UIWebView.release.xcconfig */,
			);
			name = Pods;
			sourceTree = "<group>";
		};
/* End PBXGroup section */

/* Begin PBXNativeTarget section */
		A21274351D641288000ECA41 /* UIWebView */ = {
			isa = PBXNativeTarget;
			buildConfigurationList = A212744D1D641288000ECA41 /* Build configuration list for PBXNativeTarget "UIWebView" */;
			buildPhases = (
				7C7448AFF1D2CB1F47A82EF0 /* [CP] Check Pods Manifest.lock */,
				A21274321D641288000ECA41 /* Sources */,
				A21274331D641288000ECA41 /* Frameworks */,
				A21274341D641288000ECA41 /* Resources */,
				B8609E00B36D24ABF129113D /* [CP] Embed Pods Frameworks */,
				B2D8B10CE53E73BF1119E691 /* [CP] Copy Pods Resources */,
			);
			buildRules = (
			);
			dependencies = (
			);
			name = UIWebView;
			productName = UIWebView;
			productReference = A21274361D641288000ECA41 /* UIWebView.app */;
			productType = "com.apple.product-type.application";
		};
/* End PBXNativeTarget section */

/* Begin PBXProject section */
		A212742E1D641288000ECA41 /* Project object */ = {
			isa = PBXProject;
			attributes = {
				LastUpgradeCheck = 0730;
				ORGANIZATIONNAME = kkk;
				TargetAttributes = {
					A21274351D641288000ECA41 = {
						CreatedOnToolsVersion = 7.3;
					};
				};
			};
			buildConfigurationList = A21274311D641288000ECA41 /* Build configuration list for PBXProject "UIWebView" */;
			compatibilityVersion = "Xcode 3.2";
			developmentRegion = English;
			hasScannedForEncodings = 0;
			knownRegions = (
				en,
				Base,
			);
			mainGroup = A212742D1D641288000ECA41;
			productRefGroup = A21274371D641288000ECA41 /* Products */;
			projectDirPath = "";
			projectRoot = "";
			targets = (
				A21274351D641288000ECA41 /* UIWebView */,
			);
		};
/* End PBXProject section */

/* Begin PBXResourcesBuildPhase section */
		A21274341D641288000ECA41 /* Resources */ = {
			isa = PBXResourcesBuildPhase;
			buildActionMask = 2147483647;
			files = (
				A21274491D641288000ECA41 /* LaunchScreen.storyboard in Resources */,
				A21274461D641288000ECA41 /* Assets.xcassets in Resources */,
			);
			runOnlyForDeploymentPostprocessing = 0;
		};
/* End PBXResourcesBuildPhase section */

/* Begin PBXShellScriptBuildPhase section */
		7C7448AFF1D2CB1F47A82EF0 /* [CP] Check Pods Manifest.lock */ = {
			isa = PBXShellScriptBuildPhase;
			buildActionMask = 2147483647;
			files = (
			);
			inputPaths = (
			);
			name = "[CP] Check Pods Manifest.lock";
			outputPaths = (
			);
			runOnlyForDeploymentPostprocessing = 0;
			shellPath = /bin/sh;
			shellScript = "diff \"${PODS_ROOT}/../Podfile.lock\" \"${PODS_ROOT}/Manifest.lock\" > /dev/null\nif [[ $? != 0 ]] ; then\n    cat << EOM\nerror: The sandbox is not in sync with the Podfile.lock. Run 'pod install' or update your CocoaPods installation.\nEOM\n    exit 1\nfi\n";
			showEnvVarsInLog = 0;
		};
		B2D8B10CE53E73BF1119E691 /* [CP] Copy Pods Resources */ = {
			isa = PBXShellScriptBuildPhase;
			buildActionMask = 2147483647;
			files = (
			);
			inputPaths = (
			);
			name = "[CP] Copy Pods Resources";
			outputPaths = (
			);
			runOnlyForDeploymentPostprocessing = 0;
			shellPath = /bin/sh;
			shellScript = "\"${SRCROOT}/Pods/Target Support Files/Pods-UIWebView/Pods-UIWebView-resources.sh\"\n";
			showEnvVarsInLog = 0;
		};
		B8609E00B36D24ABF129113D /* [CP] Embed Pods Frameworks */ = {
			isa = PBXShellScriptBuildPhase;
			buildActionMask = 2147483647;
			files = (
			);
			inputPaths = (
			);
			name = "[CP] Embed Pods Frameworks";
			outputPaths = (
			);
			runOnlyForDeploymentPostprocessing = 0;
			shellPath = /bin/sh;
			shellScript = "\"${SRCROOT}/Pods/Target Support Files/Pods-UIWebView/Pods-UIWebView-frameworks.sh\"\n";
			showEnvVarsInLog = 0;
		};
/* End PBXShellScriptBuildPhase section */

/* Begin PBXSourcesBuildPhase section */
		A21274321D641288000ECA41 /* Sources */ = {
			isa = PBXSourcesBuildPhase;
			buildActionMask = 2147483647;
			files = (
				A212743E1D641288000ECA41 /* AppDelegate.m in Sources */,
				A212743B1D641288000ECA41 /* main.m in Sources */,
				A2F2AFE31D643E6C0002FC2B /* H5WebViewController.m in Sources */,
				A2F2AFE11D643E6C0002FC2B /* H5TopBarInfo.m in Sources */,
				A2F2AFE21D643E6C0002FC2B /* H5TopBarView.m in Sources */,
				A21274521D6415F4000ECA41 /* RootViewController.m in Sources */,
			);
			runOnlyForDeploymentPostprocessing = 0;
		};
/* End PBXSourcesBuildPhase section */

/* Begin PBXVariantGroup section */
		A21274471D641288000ECA41 /* LaunchScreen.storyboard */ = {
			isa = PBXVariantGroup;
			children = (
				A21274481D641288000ECA41 /* Base */,
			);
			name = LaunchScreen.storyboard;
			sourceTree = "<group>";
		};
/* End PBXVariantGroup section */

/* Begin XCBuildConfiguration section */
		A212744B1D641288000ECA41 /* Debug */ = {
			isa = XCBuildConfiguration;
			buildSettings = {
				ALWAYS_SEARCH_USER_PATHS = NO;
				CLANG_ANALYZER_NONNULL = YES;
				CLANG_CXX_LANGUAGE_STANDARD = "gnu++0x";
				CLANG_CXX_LIBRARY = "libc++";
				CLANG_ENABLE_MODULES = YES;
				CLANG_ENABLE_OBJC_ARC = YES;
				CLANG_WARN_BOOL_CONVERSION = YES;
				CLANG_WARN_CONSTANT_CONVERSION = YES;
				CLANG_WARN_DIRECT_OBJC_ISA_USAGE = YES_ERROR;
				CLANG_WARN_EMPTY_BODY = YES;
				CLANG_WARN_ENUM_CONVERSION = YES;
				CLANG_WARN_INT_CONVERSION = YES;
				CLANG_WARN_OBJC_ROOT_CLASS = YES_ERROR;
				CLANG_WARN_UNREACHABLE_CODE = YES;
				CLANG_WARN__DUPLICATE_METHOD_MATCH = YES;
				"CODE_SIGN_IDENTITY[sdk=iphoneos*]" = "iPhone Developer";
				COPY_PHASE_STRIP = NO;
				DEBUG_INFORMATION_FORMAT = dwarf;
				ENABLE_STRICT_OBJC_MSGSEND = YES;
				ENABLE_TESTABILITY = YES;
				GCC_C_LANGUAGE_STANDARD = gnu99;
				GCC_DYNAMIC_NO_PIC = NO;
				GCC_NO_COMMON_BLOCKS = YES;
				GCC_OPTIMIZATION_LEVEL = 0;
				GCC_PREPROCESSOR_DEFINITIONS = (
					"DEBUG=1",
					"$(inherited)",
				);
				GCC_WARN_64_TO_32_BIT_CONVERSION = YES;
				GCC_WARN_ABOUT_RETURN_TYPE = YES_ERROR;
				GCC_WARN_UNDECLARED_SELECTOR = YES;
				GCC_WARN_UNINITIALIZED_AUTOS = YES_AGGRESSIVE;
				GCC_WARN_UNUSED_FUNCTION = YES;
				GCC_WARN_UNUSED_VARIABLE = YES;
				IPHONEOS_DEPLOYMENT_TARGET = 9.3;
				MTL_ENABLE_DEBUG_INFO = YES;
				ONLY_ACTIVE_ARCH = YES;
				SDKROOT = iphoneos;
				TARGETED_DEVICE_FAMILY = "1,2";
			};
			name = Debug;
		};
		A212744C1D641288000ECA41 /* Release */ = {
			isa = XCBuildConfiguration;
			buildSettings = {
				ALWAYS_SEARCH_USER_PATHS = NO;
				CLANG_ANALYZER_NONNULL = YES;
				CLANG_CXX_LANGUAGE_STANDARD = "gnu++0x";
				CLANG_CXX_LIBRARY = "libc++";
				CLANG_ENABLE_MODULES = YES;
				CLANG_ENABLE_OBJC_ARC = YES;
				CLANG_WARN_BOOL_CONVERSION = YES;
				CLANG_WARN_CONSTANT_CONVERSION = YES;
				CLANG_WARN_DIRECT_OBJC_ISA_USAGE = YES_ERROR;
				CLANG_WARN_EMPTY_BODY = YES;
				CLANG_WARN_ENUM_CONVERSION = YES;
				CLANG_WARN_INT_CONVERSION = YES;
				CLANG_WARN_OBJC_ROOT_CLASS = YES_ERROR;
				CLANG_WARN_UNREACHABLE_CODE = YES;
				CLANG_WARN__DUPLICATE_METHOD_MATCH = YES;
				"CODE_SIGN_IDENTITY[sdk=iphoneos*]" = "iPhone Developer";
				COPY_PHASE_STRIP = NO;
				DEBUG_INFORMATION_FORMAT = "dwarf-with-dsym";
				ENABLE_NS_ASSERTIONS = NO;
				ENABLE_STRICT_OBJC_MSGSEND = YES;
				GCC_C_LANGUAGE_STANDARD = gnu99;
				GCC_NO_COMMON_BLOCKS = YES;
				GCC_WARN_64_TO_32_BIT_CONVERSION = YES;
				GCC_WARN_ABOUT_RETURN_TYPE = YES_ERROR;
				GCC_WARN_UNDECLARED_SELECTOR = YES;
				GCC_WARN_UNINITIALIZED_AUTOS = YES_AGGRESSIVE;
				GCC_WARN_UNUSED_FUNCTION = YES;
				GCC_WARN_UNUSED_VARIABLE = YES;
				IPHONEOS_DEPLOYMENT_TARGET = 9.3;
				MTL_ENABLE_DEBUG_INFO = NO;
				SDKROOT = iphoneos;
				TARGETED_DEVICE_FAMILY = "1,2";
				VALIDATE_PRODUCT = YES;
			};
			name = Release;
		};
		A212744E1D641288000ECA41 /* Debug */ = {
			isa = XCBuildConfiguration;
			baseConfigurationReference = 23A60A0BF10E4E8C25C5D99A /* Pods-UIWebView.debug.xcconfig */;
			buildSettings = {
				ASSETCATALOG_COMPILER_APPICON_NAME = AppIcon;
				INFOPLIST_FILE = UIWebView/Info.plist;
				IPHONEOS_DEPLOYMENT_TARGET = 7.0;
				LD_RUNPATH_SEARCH_PATHS = "$(inherited) @executable_path/Frameworks";
				PRODUCT_BUNDLE_IDENTIFIER = kkk.UIWebView;
				PRODUCT_NAME = "$(TARGET_NAME)";
			};
			name = Debug;
		};
		A212744F1D641288000ECA41 /* Release */ = {
			isa = XCBuildConfiguration;
			baseConfigurationReference = FCA3D5058CB7672C4EB961FB /* Pods-UIWebView.release.xcconfig */;
			buildSettings = {
				ASSETCATALOG_COMPILER_APPICON_NAME = AppIcon;
				INFOPLIST_FILE = UIWebView/Info.plist;
				IPHONEOS_DEPLOYMENT_TARGET = 7.0;
				LD_RUNPATH_SEARCH_PATHS = "$(inherited) @executable_path/Frameworks";
				PRODUCT_BUNDLE_IDENTIFIER = kkk.UIWebView;
				PRODUCT_NAME = "$(TARGET_NAME)";
			};
			name = Release;
		};
/* End XCBuildConfiguration section */

/* Begin XCConfigurationList section */
		A21274311D641288000ECA41 /* Build configuration list for PBXProject "UIWebView" */ = {
			isa = XCConfigurationList;
			buildConfigurations = (
				A212744B1D641288000ECA41 /* Debug */,
				A212744C1D641288000ECA41 /* Release */,
			);
			defaultConfigurationIsVisible = 0;
			defaultConfigurationName = Release;
		};
		A212744D1D641288000ECA41 /* Build configuration list for PBXNativeTarget "UIWebView" */ = {
			isa = XCConfigurationList;
			buildConfigurations = (
				A212744E1D641288000ECA41 /* Debug */,
				A212744F1D641288000ECA41 /* Release */,
			);
			defaultConfigurationIsVisible = 0;
			defaultConfigurationName = Release;
		};
/* End XCConfigurationList section */
	};
	rootObject = A212742E1D641288000ECA41 /* Project object */;
}
